
Microsoft Visual Studio Solution File, Format Version 12.00
# Visual Studio Version 16
VisualStudioVersion = 16.0.31424.327
MinimumVisualStudioVersion = 10.0.40219.1
Project("{FAE04EC0-301F-11D3-BF4B-00C04F79EFBC}") = "TIMESTAMP", "TIMESTAMP\TIMESTAMP.csproj", "{964AD5B7-BB06-4381-A882-8315C37CF3D6}"
EndProject
Global
	GlobalSection(SolutionConfigurationPlatforms) = preSolution
		Debug|Any CPU = Debug|Any CPU
		Release|Any CPU = Release|Any CPU
	EndGlobalSection
	GlobalSection(ProjectConfigurationPlatforms) = postSolution
		{964AD5B7-BB06-4381-A882-8315C37CF3D6}.Debug|Any CPU.ActiveCfg = Debug|Any CPU
		{964AD5B7-BB06-4381-A882-8315C37CF3D6}.Debug|Any CPU.Build.0 = Debug|Any CPU
		{964AD5B7-BB06-4381-A882-8315C37CF3D6}.Release|Any CPU.ActiveCfg = Release|Any CPU
		{964AD5B7-BB06-4381-A882-8315C37CF3D6}.Release|Any CPU.Build.0 = Release|Any CPU
	EndGlobalSection
	GlobalSection(SolutionProperties) = preSolution
		HideSolutionNode = FALSE
	EndGlobalSection
	GlobalSection(ExtensibilityGlobals) = postSolution
		SolutionGuid = {16213366-A331-4D10-9980-773594293832}
	EndGlobalSection
EndGlobal
